
Microsoft Visual Studio Solution File, Format Version 12.00
# Visual Studio Version 17
VisualStudioVersion = 17.14.36915.13 d17.14
MinimumVisualStudioVersion = 10.0.40219.1
Project("{FAE04EC0-301F-11D3-BF4B-00C04F79EFBC}") = "115_03_12", "115_03_12\115_03_12.csproj", "{C62F5D88-0E4D-4AF2-95E0-A44A1635CE40}"
EndProject
Global
	GlobalSection(SolutionConfigurationPlatforms) = preSolution
		Debug|Any CPU = Debug|Any CPU
		Release|Any CPU = Release|Any CPU
	EndGlobalSection
	GlobalSection(ProjectConfigurationPlatforms) = postSolution
		{C62F5D88-0E4D-4AF2-95E0-A44A1635CE40}.Debug|Any CPU.ActiveCfg = Debug|Any CPU
		{C62F5D88-0E4D-4AF2-95E0-A44A1635CE40}.Debug|Any CPU.Build.0 = Debug|Any CPU
		{C62F5D88-0E4D-4AF2-95E0-A44A1635CE40}.Release|Any CPU.ActiveCfg = Release|Any CPU
		{C62F5D88-0E4D-4AF2-95E0-A44A1635CE40}.Release|Any CPU.Build.0 = Release|Any CPU
	EndGlobalSection
	GlobalSection(SolutionProperties) = preSolution
		HideSolutionNode = FALSE
	EndGlobalSection
	GlobalSection(ExtensibilityGlobals) = postSolution
		SolutionGuid = {F2273298-3AE1-41EA-85A0-E224E9F9C138}
	EndGlobalSection
EndGlobal
