
Microsoft Visual Studio Solution File, Format Version 12.00
# Visual Studio Version 17
VisualStudioVersion = 17.14.36915.13 d17.14
MinimumVisualStudioVersion = 10.0.40219.1
Project("{FAE04EC0-301F-11D3-BF4B-00C04F79EFBC}") = "期末考第一題", "期末考第一題\期末考第一題.csproj", "{3EA9AC6A-8D72-4831-8F78-04CE2D7AB83B}"
EndProject
Global
	GlobalSection(SolutionConfigurationPlatforms) = preSolution
		Debug|Any CPU = Debug|Any CPU
		Release|Any CPU = Release|Any CPU
	EndGlobalSection
	GlobalSection(ProjectConfigurationPlatforms) = postSolution
		{3EA9AC6A-8D72-4831-8F78-04CE2D7AB83B}.Debug|Any CPU.ActiveCfg = Debug|Any CPU
		{3EA9AC6A-8D72-4831-8F78-04CE2D7AB83B}.Debug|Any CPU.Build.0 = Debug|Any CPU
		{3EA9AC6A-8D72-4831-8F78-04CE2D7AB83B}.Release|Any CPU.ActiveCfg = Release|Any CPU
		{3EA9AC6A-8D72-4831-8F78-04CE2D7AB83B}.Release|Any CPU.Build.0 = Release|Any CPU
	EndGlobalSection
	GlobalSection(SolutionProperties) = preSolution
		HideSolutionNode = FALSE
	EndGlobalSection
	GlobalSection(ExtensibilityGlobals) = postSolution
		SolutionGuid = {A28985B8-18DC-45A6-A201-7C52D3FD94F3}
	EndGlobalSection
EndGlobal
